// !$*UTF8*$!
{
	archiveVersion = 1;
	classes = {
	};
	objectVersion = 46;
	objects = {

/* Begin PBXBuildFile section */
		180AE3701ECE46CE000AA86C /* driverInfoViewController.swift in Sources */ = {isa = PBXBuildFile; fileRef = 180AE36F1ECE46CE000AA86C /* driverInfoViewController.swift */; };
		180AE3721ECE46F1000AA86C /* driverViewController.swift in Sources */ = {isa = PBXBuildFile; fileRef = 180AE3711ECE46F1000AA86C /* driverViewController.swift */; };
		180AE3741ECE4735000AA86C /* RiderViewController.swift in Sources */ = {isa = PBXBuildFile; fileRef = 180AE3731ECE4735000AA86C /* RiderViewController.swift */; };
		180AE3761ECE4753000AA86C /* Rider2ViewController.swift in Sources */ = {isa = PBXBuildFile; fileRef = 180AE3751ECE4753000AA86C /* Rider2ViewController.swift */; };
		180AE3781ECE4770000AA86C /* busETAViewController.swift in Sources */ = {isa = PBXBuildFile; fileRef = 180AE3771ECE4770000AA86C /* busETAViewController.swift */; };
		180AE37A1ECE47CD000AA86C /* contactUsViewController.swift in Sources */ = {isa = PBXBuildFile; fileRef = 180AE3791ECE47CD000AA86C /* contactUsViewController.swift */; };
		180AE37C1ECE5B10000AA86C /* pickerViewTest.swift in Sources */ = {isa = PBXBuildFile; fileRef = 180AE37B1ECE5B10000AA86C /* pickerViewTest.swift */; };
		188300361ECCD6A80054D4B8 /* AppDelegate.swift in Sources */ = {isa = PBXBuildFile; fileRef = 188300351ECCD6A80054D4B8 /* AppDelegate.swift */; };
		188300381ECCD6A80054D4B8 /* ViewController.swift in Sources */ = {isa = PBXBuildFile; fileRef = 188300371ECCD6A80054D4B8 /* ViewController.swift */; };
		1883003B1ECCD6A80054D4B8 /* Main.storyboard in Resources */ = {isa = PBXBuildFile; fileRef = 188300391ECCD6A80054D4B8 /* Main.storyboard */; };
		1883003E1ECCD6A80054D4B8 /* catchTheBus.xcdatamodeld in Sources */ = {isa = PBXBuildFile; fileRef = 1883003C1ECCD6A80054D4B8 /* catchTheBus.xcdatamodeld */; };
		188300401ECCD6A80054D4B8 /* Assets.xcassets in Resources */ = {isa = PBXBuildFile; fileRef = 1883003F1ECCD6A80054D4B8 /* Assets.xcassets */; };
		188300431ECCD6A80054D4B8 /* LaunchScreen.storyboard in Resources */ = {isa = PBXBuildFile; fileRef = 188300411ECCD6A80054D4B8 /* LaunchScreen.storyboard */; };
		1883004E1ECCD6A80054D4B8 /* catchTheBusTests.swift in Sources */ = {isa = PBXBuildFile; fileRef = 1883004D1ECCD6A80054D4B8 /* catchTheBusTests.swift */; };
		188300591ECCD6A80054D4B8 /* catchTheBusUITests.swift in Sources */ = {isa = PBXBuildFile; fileRef = 188300581ECCD6A80054D4B8 /* catchTheBusUITests.swift */; };
		D365E0E3D6676F7316260B48 /* Pods_catchTheBus.framework in Frameworks */ = {isa = PBXBuildFile; fileRef = 690782E699EB85036F14415D /* Pods_catchTheBus.framework */; };
		E7A166D8FEC5D53A81C802D4 /* Pods_catchTheBusTests.framework in Frameworks */ = {isa = PBXBuildFile; fileRef = 2065DAD038CAACA27F8D837C /* Pods_catchTheBusTests.framework */; };
		E8F81D90989A952D6A670052 /* Pods_catchTheBusUITests.framework in Frameworks */ = {isa = PBXBuildFile; fileRef = 743EB2CF2612D1D3C20CF83F /* Pods_catchTheBusUITests.framework */; };
/* End PBXBuildFile section */

/* Begin PBXContainerItemProxy section */
		1883004A1ECCD6A80054D4B8 /* PBXContainerItemProxy */ = {
			isa = PBXContainerItemProxy;
			containerPortal = 1883002A1ECCD6A80054D4B8 /* Project object */;
			proxyType = 1;
			remoteGlobalIDString = 188300311ECCD6A80054D4B8;
			remoteInfo = catchTheBus;
		};
		188300551ECCD6A80054D4B8 /* PBXContainerItemProxy */ = {
			isa = PBXContainerItemProxy;
			containerPortal = 1883002A1ECCD6A80054D4B8 /* Project object */;
			proxyType = 1;
			remoteGlobalIDString = 188300311ECCD6A80054D4B8;
			remoteInfo = catchTheBus;
		};
/* End PBXContainerItemProxy section */

/* Begin PBXCopyFilesBuildPhase section */
		18A3CE2D1ECDE81000216135 /* Embed Frameworks */ = {
			isa = PBXCopyFilesBuildPhase;
			buildActionMask = 2147483647;
			dstPath = "";
			dstSubfolderSpec = 10;
			files = (
			);
			name = "Embed Frameworks";
			runOnlyForDeploymentPostprocessing = 0;
		};
/* End PBXCopyFilesBuildPhase section */

/* Begin PBXFileReference section */
		180AE36F1ECE46CE000AA86C /* driverInfoViewController.swift */ = {isa = PBXFileReference; fileEncoding = 4; lastKnownFileType = sourcecode.swift; name = driverInfoViewController.swift; path = Pods/../driverInfoViewController.swift; sourceTree = SOURCE_ROOT; };
		180AE3711ECE46F1000AA86C /* driverViewController.swift */ = {isa = PBXFileReference; fileEncoding = 4; lastKnownFileType = sourcecode.swift; path = driverViewController.swift; sourceTree = "<group>"; };
		180AE3731ECE4735000AA86C /* RiderViewController.swift */ = {isa = PBXFileReference; fileEncoding = 4; lastKnownFileType = sourcecode.swift; path = RiderViewController.swift; sourceTree = "<group>"; };
		180AE3751ECE4753000AA86C /* Rider2ViewController.swift */ = {isa = PBXFileReference; fileEncoding = 4; lastKnownFileType = sourcecode.swift; path = Rider2ViewController.swift; sourceTree = "<group>"; };
		180AE3771ECE4770000AA86C /* busETAViewController.swift */ = {isa = PBXFileReference; fileEncoding = 4; lastKnownFileType = sourcecode.swift; path = busETAViewController.swift; sourceTree = "<group>"; };
		180AE3791ECE47CD000AA86C /* contactUsViewController.swift */ = {isa = PBXFileReference; fileEncoding = 4; lastKnownFileType = sourcecode.swift; path = contactUsViewController.swift; sourceTree = "<group>"; };
		180AE37B1ECE5B10000AA86C /* pickerViewTest.swift */ = {isa = PBXFileReference; fileEncoding = 4; lastKnownFileType = sourcecode.swift; path = pickerViewTest.swift; sourceTree = "<group>"; };
		188300321ECCD6A80054D4B8 /* catchTheBus.app */ = {isa = PBXFileReference; explicitFileType = wrapper.application; includeInIndex = 0; path = catchTheBus.app; sourceTree = BUILT_PRODUCTS_DIR; };
		188300351ECCD6A80054D4B8 /* AppDelegate.swift */ = {isa = PBXFileReference; lastKnownFileType = sourcecode.swift; path = AppDelegate.swift; sourceTree = "<group>"; };
		188300371ECCD6A80054D4B8 /* ViewController.swift */ = {isa = PBXFileReference; lastKnownFileType = sourcecode.swift; path = ViewController.swift; sourceTree = "<group>"; };
		1883003A1ECCD6A80054D4B8 /* Base */ = {isa = PBXFileReference; lastKnownFileType = file.storyboard; name = Base; path = Base.lproj/Main.storyboard; sourceTree = "<group>"; };
		1883003D1ECCD6A80054D4B8 /* catchTheBus.xcdatamodel */ = {isa = PBXFileReference; lastKnownFileType = wrapper.xcdatamodel; path = catchTheBus.xcdatamodel; sourceTree = "<group>"; };
		1883003F1ECCD6A80054D4B8 /* Assets.xcassets */ = {isa = PBXFileReference; lastKnownFileType = folder.assetcatalog; path = Assets.xcassets; sourceTree = "<group>"; };
		188300421ECCD6A80054D4B8 /* Base */ = {isa = PBXFileReference; lastKnownFileType = file.storyboard; name = Base; path = Base.lproj/LaunchScreen.storyboard; sourceTree = "<group>"; };
		188300441ECCD6A80054D4B8 /* Info.plist */ = {isa = PBXFileReference; lastKnownFileType = text.plist.xml; path = Info.plist; sourceTree = "<group>"; };
		188300491ECCD6A80054D4B8 /* catchTheBusTests.xctest */ = {isa = PBXFileReference; explicitFileType = wrapper.cfbundle; includeInIndex = 0; path = catchTheBusTests.xctest; sourceTree = BUILT_PRODUCTS_DIR; };
		1883004D1ECCD6A80054D4B8 /* catchTheBusTests.swift */ = {isa = PBXFileReference; lastKnownFileType = sourcecode.swift; path = catchTheBusTests.swift; sourceTree = "<group>"; };
		1883004F1ECCD6A80054D4B8 /* Info.plist */ = {isa = PBXFileReference; lastKnownFileType = text.plist.xml; path = Info.plist; sourceTree = "<group>"; };
		188300541ECCD6A80054D4B8 /* catchTheBusUITests.xctest */ = {isa = PBXFileReference; explicitFileType = wrapper.cfbundle; includeInIndex = 0; path = catchTheBusUITests.xctest; sourceTree = BUILT_PRODUCTS_DIR; };
		188300581ECCD6A80054D4B8 /* catchTheBusUITests.swift */ = {isa = PBXFileReference; lastKnownFileType = sourcecode.swift; path = catchTheBusUITests.swift; sourceTree = "<group>"; };
		1883005A1ECCD6A80054D4B8 /* Info.plist */ = {isa = PBXFileReference; lastKnownFileType = text.plist.xml; path = Info.plist; sourceTree = "<group>"; };
		1C9F6B8FF1B851FD2508FD2B /* Pods-catchTheBus.release.xcconfig */ = {isa = PBXFileReference; includeInIndex = 1; lastKnownFileType = text.xcconfig; name = "Pods-catchTheBus.release.xcconfig"; path = "Pods/Target Support Files/Pods-catchTheBus/Pods-catchTheBus.release.xcconfig"; sourceTree = "<group>"; };
		2065DAD038CAACA27F8D837C /* Pods_catchTheBusTests.framework */ = {isa = PBXFileReference; explicitFileType = wrapper.framework; includeInIndex = 0; path = Pods_catchTheBusTests.framework; sourceTree = BUILT_PRODUCTS_DIR; };
		24EAF7FFB3064AE68BC7E62B /* Pods-catchTheBusUITests.release.xcconfig */ = {isa = PBXFileReference; includeInIndex = 1; lastKnownFileType = text.xcconfig; name = "Pods-catchTheBusUITests.release.xcconfig"; path = "Pods/Target Support Files/Pods-catchTheBusUITests/Pods-catchTheBusUITests.release.xcconfig"; sourceTree = "<group>"; };
		690782E699EB85036F14415D /* Pods_catchTheBus.framework */ = {isa = PBXFileReference; explicitFileType = wrapper.framework; includeInIndex = 0; path = Pods_catchTheBus.framework; sourceTree = BUILT_PRODUCTS_DIR; };
		743EB2CF2612D1D3C20CF83F /* Pods_catchTheBusUITests.framework */ = {isa = PBXFileReference; explicitFileType = wrapper.framework; includeInIndex = 0; path = Pods_catchTheBusUITests.framework; sourceTree = BUILT_PRODUCTS_DIR; };
		8D1E800E388619E937723388 /* Pods-catchTheBusTests.release.xcconfig */ = {isa = PBXFileReference; includeInIndex = 1; lastKnownFileType = text.xcconfig; name = "Pods-catchTheBusTests.release.xcconfig"; path = "Pods/Target Support Files/Pods-catchTheBusTests/Pods-catchTheBusTests.release.xcconfig"; sourceTree = "<group>"; };
		8D7F14458551510AEF1DA116 /* Pods-catchTheBus.debug.xcconfig */ = {isa = PBXFileReference; includeInIndex = 1; lastKnownFileType = text.xcconfig; name = "Pods-catchTheBus.debug.xcconfig"; path = "Pods/Target Support Files/Pods-catchTheBus/Pods-catchTheBus.debug.xcconfig"; sourceTree = "<group>"; };
		93ECBB3939284D4112B25DC6 /* Pods-catchTheBusUITests.debug.xcconfig */ = {isa = PBXFileReference; includeInIndex = 1; lastKnownFileType = text.xcconfig; name = "Pods-catchTheBusUITests.debug.xcconfig"; path = "Pods/Target Support Files/Pods-catchTheBusUITests/Pods-catchTheBusUITests.debug.xcconfig"; sourceTree = "<group>"; };
		B1B53677EB4B801EF5876820 /* Pods-catchTheBusTests.debug.xcconfig */ = {isa = PBXFileReference; includeInIndex = 1; lastKnownFileType = text.xcconfig; name = "Pods-catchTheBusTests.debug.xcconfig"; path = "Pods/Target Support Files/Pods-catchTheBusTests/Pods-catchTheBusTests.debug.xcconfig"; sourceTree = "<group>"; };
/* End PBXFileReference section */

/* Begin PBXFrameworksBuildPhase section */
		1883002F1ECCD6A80054D4B8 /* Frameworks */ = {
			isa = PBXFrameworksBuildPhase;
			buildActionMask = 2147483647;
			files = (
				D365E0E3D6676F7316260B48 /* Pods_catchTheBus.framework in Frameworks */,
			);
			runOnlyForDeploymentPostprocessing = 0;
		};
		188300461ECCD6A80054D4B8 /* Frameworks */ = {
			isa = PBXFrameworksBuildPhase;
			buildActionMask = 2147483647;
			files = (
				E7A166D8FEC5D53A81C802D4 /* Pods_catchTheBusTests.framework in Frameworks */,
			);
			runOnlyForDeploymentPostprocessing = 0;
		};
		188300511ECCD6A80054D4B8 /* Frameworks */ = {
			isa = PBXFrameworksBuildPhase;
			buildActionMask = 2147483647;
			files = (
				E8F81D90989A952D6A670052 /* Pods_catchTheBusUITests.framework in Frameworks */,
			);
			runOnlyForDeploymentPostprocessing = 0;
		};
/* End PBXFrameworksBuildPhase section */

/* Begin PBXGroup section */
		188300291ECCD6A80054D4B8 = {
			isa = PBXGroup;
			children = (
				188300341ECCD6A80054D4B8 /* catchTheBus */,
				1883004C1ECCD6A80054D4B8 /* catchTheBusTests */,
				188300571ECCD6A80054D4B8 /* catchTheBusUITests */,
				188300331ECCD6A80054D4B8 /* Products */,
				DDF84929B1DEBA00E8A5BC8B /* Pods */,
				6DBBE9EC954196DC9AE30E77 /* Frameworks */,
			);
			sourceTree = "<group>";
		};
		188300331ECCD6A80054D4B8 /* Products */ = {
			isa = PBXGroup;
			children = (
				188300321ECCD6A80054D4B8 /* catchTheBus.app */,
				188300491ECCD6A80054D4B8 /* catchTheBusTests.xctest */,
				188300541ECCD6A80054D4B8 /* catchTheBusUITests.xctest */,
			);
			name = Products;
			sourceTree = "<group>";
		};
		188300341ECCD6A80054D4B8 /* catchTheBus */ = {
			isa = PBXGroup;
			children = (
				188300351ECCD6A80054D4B8 /* AppDelegate.swift */,
				188300371ECCD6A80054D4B8 /* ViewController.swift */,
				188300391ECCD6A80054D4B8 /* Main.storyboard */,
				180AE37B1ECE5B10000AA86C /* pickerViewTest.swift */,
				180AE3791ECE47CD000AA86C /* contactUsViewController.swift */,
				180AE3771ECE4770000AA86C /* busETAViewController.swift */,
				180AE3751ECE4753000AA86C /* Rider2ViewController.swift */,
				180AE3731ECE4735000AA86C /* RiderViewController.swift */,
				1883003F1ECCD6A80054D4B8 /* Assets.xcassets */,
				188300411ECCD6A80054D4B8 /* LaunchScreen.storyboard */,
				188300441ECCD6A80054D4B8 /* Info.plist */,
				1883003C1ECCD6A80054D4B8 /* catchTheBus.xcdatamodeld */,
				180AE36F1ECE46CE000AA86C /* driverInfoViewController.swift */,
				180AE3711ECE46F1000AA86C /* driverViewController.swift */,
			);
			path = catchTheBus;
			sourceTree = "<group>";
		};
		1883004C1ECCD6A80054D4B8 /* catchTheBusTests */ = {
			isa = PBXGroup;
			children = (
				1883004D1ECCD6A80054D4B8 /* catchTheBusTests.swift */,
				1883004F1ECCD6A80054D4B8 /* Info.plist */,
			);
			path = catchTheBusTests;
			sourceTree = "<group>";
		};
		188300571ECCD6A80054D4B8 /* catchTheBusUITests */ = {
			isa = PBXGroup;
			children = (
				188300581ECCD6A80054D4B8 /* catchTheBusUITests.swift */,
				1883005A1ECCD6A80054D4B8 /* Info.plist */,
			);
			path = catchTheBusUITests;
			sourceTree = "<group>";
		};
		6DBBE9EC954196DC9AE30E77 /* Frameworks */ = {
			isa = PBXGroup;
			children = (
				690782E699EB85036F14415D /* Pods_catchTheBus.framework */,
				2065DAD038CAACA27F8D837C /* Pods_catchTheBusTests.framework */,
				743EB2CF2612D1D3C20CF83F /* Pods_catchTheBusUITests.framework */,
			);
			name = Frameworks;
			sourceTree = "<group>";
		};
		DDF84929B1DEBA00E8A5BC8B /* Pods */ = {
			isa = PBXGroup;
			children = (
				8D7F14458551510AEF1DA116 /* Pods-catchTheBus.debug.xcconfig */,
				1C9F6B8FF1B851FD2508FD2B /* Pods-catchTheBus.release.xcconfig */,
				B1B53677EB4B801EF5876820 /* Pods-catchTheBusTests.debug.xcconfig */,
				8D1E800E388619E937723388 /* Pods-catchTheBusTests.release.xcconfig */,
				93ECBB3939284D4112B25DC6 /* Pods-catchTheBusUITests.debug.xcconfig */,
				24EAF7FFB3064AE68BC7E62B /* Pods-catchTheBusUITests.release.xcconfig */,
			);
			name = Pods;
			sourceTree = "<group>";
		};
/* End PBXGroup section */

/* Begin PBXNativeTarget section */
		188300311ECCD6A80054D4B8 /* catchTheBus */ = {
			isa = PBXNativeTarget;
			buildConfigurationList = 1883005D1ECCD6A90054D4B8 /* Build configuration list for PBXNativeTarget "catchTheBus" */;
			buildPhases = (
				E54F127FA6682BDE21852CDC /* [CP] Check Pods Manifest.lock */,
				1883002E1ECCD6A80054D4B8 /* Sources */,
				1883002F1ECCD6A80054D4B8 /* Frameworks */,
				188300301ECCD6A80054D4B8 /* Resources */,
				18A3CE2D1ECDE81000216135 /* Embed Frameworks */,
				5F382AB1EFEB6EAF5A798359 /* [CP] Embed Pods Frameworks */,
				86E762D32243B190A6FFCEDC /* [CP] Copy Pods Resources */,
			);
			buildRules = (
			);
			dependencies = (
			);
			name = catchTheBus;
			productName = catchTheBus;
			productReference = 188300321ECCD6A80054D4B8 /* catchTheBus.app */;
			productType = "com.apple.product-type.application";
		};
		188300481ECCD6A80054D4B8 /* catchTheBusTests */ = {
			isa = PBXNativeTarget;
			buildConfigurationList = 188300601ECCD6A90054D4B8 /* Build configuration list for PBXNativeTarget "catchTheBusTests" */;
			buildPhases = (
				D4704B9A841F9F9326946EE1 /* [CP] Check Pods Manifest.lock */,
				188300451ECCD6A80054D4B8 /* Sources */,
				188300461ECCD6A80054D4B8 /* Frameworks */,
				188300471ECCD6A80054D4B8 /* Resources */,
				8D402E661AEB4487DDEA07D3 /* [CP] Embed Pods Frameworks */,
				4AA228AC30379656FDB2C05B /* [CP] Copy Pods Resources */,
			);
			buildRules = (
			);
			dependencies = (
				1883004B1ECCD6A80054D4B8 /* PBXTargetDependency */,
			);
			name = catchTheBusTests;
			productName = catchTheBusTests;
			productReference = 188300491ECCD6A80054D4B8 /* catchTheBusTests.xctest */;
			productType = "com.apple.product-type.bundle.unit-test";
		};
		188300531ECCD6A80054D4B8 /* catchTheBusUITests */ = {
			isa = PBXNativeTarget;
			buildConfigurationList = 188300631ECCD6A90054D4B8 /* Build configuration list for PBXNativeTarget "catchTheBusUITests" */;
			buildPhases = (
				4304899C43FC8D2FFDD3ED41 /* [CP] Check Pods Manifest.lock */,
				188300501ECCD6A80054D4B8 /* Sources */,
				188300511ECCD6A80054D4B8 /* Frameworks */,
				188300521ECCD6A80054D4B8 /* Resources */,
				E139B417EA6BAE22CC339754 /* [CP] Embed Pods Frameworks */,
				C237D5413DDB4E28C397E857 /* [CP] Copy Pods Resources */,
			);
			buildRules = (
			);
			dependencies = (
				188300561ECCD6A80054D4B8 /* PBXTargetDependency */,
			);
			name = catchTheBusUITests;
			productName = catchTheBusUITests;
			productReference = 188300541ECCD6A80054D4B8 /* catchTheBusUITests.xctest */;
			productType = "com.apple.product-type.bundle.ui-testing";
		};
/* End PBXNativeTarget section */

/* Begin PBXProject section */
		1883002A1ECCD6A80054D4B8 /* Project object */ = {
			isa = PBXProject;
			attributes = {
				LastSwiftUpdateCheck = 0830;
				LastUpgradeCheck = 0830;
				ORGANIZATIONNAME = TMCF;
				TargetAttributes = {
					188300311ECCD6A80054D4B8 = {
						CreatedOnToolsVersion = 8.3.2;
						ProvisioningStyle = Automatic;
					};
					188300481ECCD6A80054D4B8 = {
						CreatedOnToolsVersion = 8.3.2;
						ProvisioningStyle = Automatic;
						TestTargetID = 188300311ECCD6A80054D4B8;
					};
					188300531ECCD6A80054D4B8 = {
						CreatedOnToolsVersion = 8.3.2;
						ProvisioningStyle = Automatic;
						TestTargetID = 188300311ECCD6A80054D4B8;
					};
				};
			};
			buildConfigurationList = 1883002D1ECCD6A80054D4B8 /* Build configuration list for PBXProject "catchTheBus" */;
			compatibilityVersion = "Xcode 3.2";
			developmentRegion = English;
			hasScannedForEncodings = 0;
			knownRegions = (
				en,
				Base,
			);
			mainGroup = 188300291ECCD6A80054D4B8;
			productRefGroup = 188300331ECCD6A80054D4B8 /* Products */;
			projectDirPath = "";
			projectRoot = "";
			targets = (
				188300311ECCD6A80054D4B8 /* catchTheBus */,
				188300481ECCD6A80054D4B8 /* catchTheBusTests */,
				188300531ECCD6A80054D4B8 /* catchTheBusUITests */,
			);
		};
/* End PBXProject section */

/* Begin PBXResourcesBuildPhase section */
		188300301ECCD6A80054D4B8 /* Resources */ = {
			isa = PBXResourcesBuildPhase;
			buildActionMask = 2147483647;
			files = (
				188300431ECCD6A80054D4B8 /* LaunchScreen.storyboard in Resources */,
				188300401ECCD6A80054D4B8 /* Assets.xcassets in Resources */,
				1883003B1ECCD6A80054D4B8 /* Main.storyboard in Resources */,
			);
			runOnlyForDeploymentPostprocessing = 0;
		};
		188300471ECCD6A80054D4B8 /* Resources */ = {
			isa = PBXResourcesBuildPhase;
			buildActionMask = 2147483647;
			files = (
			);
			runOnlyForDeploymentPostprocessing = 0;
		};
		188300521ECCD6A80054D4B8 /* Resources */ = {
			isa = PBXResourcesBuildPhase;
			buildActionMask = 2147483647;
			files = (
			);
			runOnlyForDeploymentPostprocessing = 0;
		};
/* End PBXResourcesBuildPhase section */

/* Begin PBXShellScriptBuildPhase section */
		4304899C43FC8D2FFDD3ED41 /* [CP] Check Pods Manifest.lock */ = {
			isa = PBXShellScriptBuildPhase;
			buildActionMask = 2147483647;
			files = (
			);
			inputPaths = (
			);
			name = "[CP] Check Pods Manifest.lock";
			outputPaths = (
			);
			runOnlyForDeploymentPostprocessing = 0;
			shellPath = /bin/sh;
			shellScript = "diff \"${PODS_PODFILE_DIR_PATH}/Podfile.lock\" \"${PODS_ROOT}/Manifest.lock\" > /dev/null\nif [ $? != 0 ] ; then\n    # print error to STDERR\n    echo \"error: The sandbox is not in sync with the Podfile.lock. Run 'pod install' or update your CocoaPods installation.\" >&2\n    exit 1\nfi\n";
			showEnvVarsInLog = 0;
		};
		4AA228AC30379656FDB2C05B /* [CP] Copy Pods Resources */ = {
			isa = PBXShellScriptBuildPhase;
			buildActionMask = 2147483647;
			files = (
			);
			inputPaths = (
			);
			name = "[CP] Copy Pods Resources";
			outputPaths = (
			);
			runOnlyForDeploymentPostprocessing = 0;
			shellPath = /bin/sh;
			shellScript = "\"${SRCROOT}/Pods/Target Support Files/Pods-catchTheBusTests/Pods-catchTheBusTests-resources.sh\"\n";
			showEnvVarsInLog = 0;
		};
		5F382AB1EFEB6EAF5A798359 /* [CP] Embed Pods Frameworks */ = {
			isa = PBXShellScriptBuildPhase;
			buildActionMask = 2147483647;
			files = (
			);
			inputPaths = (
			);
			name = "[CP] Embed Pods Frameworks";
			outputPaths = (
			);
			runOnlyForDeploymentPostprocessing = 0;
			shellPath = /bin/sh;
			shellScript = "\"${SRCROOT}/Pods/Target Support Files/Pods-catchTheBus/Pods-catchTheBus-frameworks.sh\"\n";
			showEnvVarsInLog = 0;
		};
		86E762D32243B190A6FFCEDC /* [CP] Copy Pods Resources */ = {
			isa = PBXShellScriptBuildPhase;
			buildActionMask = 2147483647;
			files = (
			);
			inputPaths = (
			);
			name = "[CP] Copy Pods Resources";
			outputPaths = (
			);
			runOnlyForDeploymentPostprocessing = 0;
			shellPath = /bin/sh;
			shellScript = "\"${SRCROOT}/Pods/Target Support Files/Pods-catchTheBus/Pods-catchTheBus-resources.sh\"\n";
			showEnvVarsInLog = 0;
		};
		8D402E661AEB4487DDEA07D3 /* [CP] Embed Pods Frameworks */ = {
			isa = PBXShellScriptBuildPhase;
			buildActionMask = 2147483647;
			files = (
			);
			inputPaths = (
			);
			name = "[CP] Embed Pods Frameworks";
			outputPaths = (
			);
			runOnlyForDeploymentPostprocessing = 0;
			shellPath = /bin/sh;
			shellScript = "\"${SRCROOT}/Pods/Target Support Files/Pods-catchTheBusTests/Pods-catchTheBusTests-frameworks.sh\"\n";
			showEnvVarsInLog = 0;
		};
		C237D5413DDB4E28C397E857 /* [CP] Copy Pods Resources */ = {
			isa = PBXShellScriptBuildPhase;
			buildActionMask = 2147483647;
			files = (
			);
			inputPaths = (
			);
			name = "[CP] Copy Pods Resources";
			outputPaths = (
			);
			runOnlyForDeploymentPostprocessing = 0;
			shellPath = /bin/sh;
			shellScript = "\"${SRCROOT}/Pods/Target Support Files/Pods-catchTheBusUITests/Pods-catchTheBusUITests-resources.sh\"\n";
			showEnvVarsInLog = 0;
		};
		D4704B9A841F9F9326946EE1 /* [CP] Check Pods Manifest.lock */ = {
			isa = PBXShellScriptBuildPhase;
			buildActionMask = 2147483647;
			files = (
			);
			inputPaths = (
			);
			name = "[CP] Check Pods Manifest.lock";
			outputPaths = (
			);
			runOnlyForDeploymentPostprocessing = 0;
			shellPath = /bin/sh;
			shellScript = "diff \"${PODS_PODFILE_DIR_PATH}/Podfile.lock\" \"${PODS_ROOT}/Manifest.lock\" > /dev/null\nif [ $? != 0 ] ; then\n    # print error to STDERR\n    echo \"error: The sandbox is not in sync with the Podfile.lock. Run 'pod install' or update your CocoaPods installation.\" >&2\n    exit 1\nfi\n";
			showEnvVarsInLog = 0;
		};
		E139B417EA6BAE22CC339754 /* [CP] Embed Pods Frameworks */ = {
			isa = PBXShellScriptBuildPhase;
			buildActionMask = 2147483647;
			files = (
			);
			inputPaths = (
			);
			name = "[CP] Embed Pods Frameworks";
			outputPaths = (
			);
			runOnlyForDeploymentPostprocessing = 0;
			shellPath = /bin/sh;
			shellScript = "\"${SRCROOT}/Pods/Target Support Files/Pods-catchTheBusUITests/Pods-catchTheBusUITests-frameworks.sh\"\n";
			showEnvVarsInLog = 0;
		};
		E54F127FA6682BDE21852CDC /* [CP] Check Pods Manifest.lock */ = {
			isa = PBXShellScriptBuildPhase;
			buildActionMask = 2147483647;
			files = (
			);
			inputPaths = (
			);
			name = "[CP] Check Pods Manifest.lock";
			outputPaths = (
			);
			runOnlyForDeploymentPostprocessing = 0;
			shellPath = /bin/sh;
			shellScript = "diff \"${PODS_PODFILE_DIR_PATH}/Podfile.lock\" \"${PODS_ROOT}/Manifest.lock\" > /dev/null\nif [ $? != 0 ] ; then\n    # print error to STDERR\n    echo \"error: The sandbox is not in sync with the Podfile.lock. Run 'pod install' or update your CocoaPods installation.\" >&2\n    exit 1\nfi\n";
			showEnvVarsInLog = 0;
		};
/* End PBXShellScriptBuildPhase section */

/* Begin PBXSourcesBuildPhase section */
		1883002E1ECCD6A80054D4B8 /* Sources */ = {
			isa = PBXSourcesBuildPhase;
			buildActionMask = 2147483647;
			files = (
				180AE3781ECE4770000AA86C /* busETAViewController.swift in Sources */,
				180AE3701ECE46CE000AA86C /* driverInfoViewController.swift in Sources */,
				180AE3741ECE4735000AA86C /* RiderViewController.swift in Sources */,
				188300381ECCD6A80054D4B8 /* ViewController.swift in Sources */,
				180AE37A1ECE47CD000AA86C /* contactUsViewController.swift in Sources */,
				180AE3721ECE46F1000AA86C /* driverViewController.swift in Sources */,
				1883003E1ECCD6A80054D4B8 /* catchTheBus.xcdatamodeld in Sources */,
				180AE3761ECE4753000AA86C /* Rider2ViewController.swift in Sources */,
				180AE37C1ECE5B10000AA86C /* pickerViewTest.swift in Sources */,
				188300361ECCD6A80054D4B8 /* AppDelegate.swift in Sources */,
			);
			runOnlyForDeploymentPostprocessing = 0;
		};
		188300451ECCD6A80054D4B8 /* Sources */ = {
			isa = PBXSourcesBuildPhase;
			buildActionMask = 2147483647;
			files = (
				1883004E1ECCD6A80054D4B8 /* catchTheBusTests.swift in Sources */,
			);
			runOnlyForDeploymentPostprocessing = 0;
		};
		188300501ECCD6A80054D4B8 /* Sources */ = {
			isa = PBXSourcesBuildPhase;
			buildActionMask = 2147483647;
			files = (
				188300591ECCD6A80054D4B8 /* catchTheBusUITests.swift in Sources */,
			);
			runOnlyForDeploymentPostprocessing = 0;
		};
/* End PBXSourcesBuildPhase section */

/* Begin PBXTargetDependency section */
		1883004B1ECCD6A80054D4B8 /* PBXTargetDependency */ = {
			isa = PBXTargetDependency;
			target = 188300311ECCD6A80054D4B8 /* catchTheBus */;
			targetProxy = 1883004A1ECCD6A80054D4B8 /* PBXContainerItemProxy */;
		};
		188300561ECCD6A80054D4B8 /* PBXTargetDependency */ = {
			isa = PBXTargetDependency;
			target = 188300311ECCD6A80054D4B8 /* catchTheBus */;
			targetProxy = 188300551ECCD6A80054D4B8 /* PBXContainerItemProxy */;
		};
/* End PBXTargetDependency section */

/* Begin PBXVariantGroup section */
		188300391ECCD6A80054D4B8 /* Main.storyboard */ = {
			isa = PBXVariantGroup;
			children = (
				1883003A1ECCD6A80054D4B8 /* Base */,
			);
			name = Main.storyboard;
			sourceTree = "<group>";
		};
		188300411ECCD6A80054D4B8 /* LaunchScreen.storyboard */ = {
			isa = PBXVariantGroup;
			children = (
				188300421ECCD6A80054D4B8 /* Base */,
			);
			name = LaunchScreen.storyboard;
			sourceTree = "<group>";
		};
/* End PBXVariantGroup section */

/* Begin XCBuildConfiguration section */
		1883005B1ECCD6A90054D4B8 /* Debug */ = {
			isa = XCBuildConfiguration;
			buildSettings = {
				ALWAYS_SEARCH_USER_PATHS = NO;
				CLANG_ANALYZER_NONNULL = YES;
				CLANG_ANALYZER_NUMBER_OBJECT_CONVERSION = YES_AGGRESSIVE;
				CLANG_CXX_LANGUAGE_STANDARD = "gnu++0x";
				CLANG_CXX_LIBRARY = "libc++";
				CLANG_ENABLE_MODULES = YES;
				CLANG_ENABLE_OBJC_ARC = YES;
				CLANG_WARN_BOOL_CONVERSION = YES;
				CLANG_WARN_CONSTANT_CONVERSION = YES;
				CLANG_WARN_DIRECT_OBJC_ISA_USAGE = YES_ERROR;
				CLANG_WARN_DOCUMENTATION_COMMENTS = YES;
				CLANG_WARN_EMPTY_BODY = YES;
				CLANG_WARN_ENUM_CONVERSION = YES;
				CLANG_WARN_INFINITE_RECURSION = YES;
				CLANG_WARN_INT_CONVERSION = YES;
				CLANG_WARN_OBJC_ROOT_CLASS = YES_ERROR;
				CLANG_WARN_SUSPICIOUS_MOVE = YES;
				CLANG_WARN_UNREACHABLE_CODE = YES;
				CLANG_WARN__DUPLICATE_METHOD_MATCH = YES;
				"CODE_SIGN_IDENTITY[sdk=iphoneos*]" = "iPhone Developer";
				COPY_PHASE_STRIP = NO;
				DEBUG_INFORMATION_FORMAT = dwarf;
				ENABLE_STRICT_OBJC_MSGSEND = YES;
				ENABLE_TESTABILITY = YES;
				GCC_C_LANGUAGE_STANDARD = gnu99;
				GCC_DYNAMIC_NO_PIC = NO;
				GCC_NO_COMMON_BLOCKS = YES;
				GCC_OPTIMIZATION_LEVEL = 0;
				GCC_PREPROCESSOR_DEFINITIONS = (
					"DEBUG=1",
					"$(inherited)",
				);
				GCC_WARN_64_TO_32_BIT_CONVERSION = YES;
				GCC_WARN_ABOUT_RETURN_TYPE = YES_ERROR;
				GCC_WARN_UNDECLARED_SELECTOR = YES;
				GCC_WARN_UNINITIALIZED_AUTOS = YES_AGGRESSIVE;
				GCC_WARN_UNUSED_FUNCTION = YES;
				GCC_WARN_UNUSED_VARIABLE = YES;
				IPHONEOS_DEPLOYMENT_TARGET = 10.3;
				MTL_ENABLE_DEBUG_INFO = YES;
				ONLY_ACTIVE_ARCH = YES;
				SDKROOT = iphoneos;
				SWIFT_ACTIVE_COMPILATION_CONDITIONS = DEBUG;
				SWIFT_OPTIMIZATION_LEVEL = "-Onone";
				TARGETED_DEVICE_FAMILY = "1,2";
			};
			name = Debug;
		};
		1883005C1ECCD6A90054D4B8 /* Release */ = {
			isa = XCBuildConfiguration;
			buildSettings = {
				ALWAYS_SEARCH_USER_PATHS = NO;
				CLANG_ANALYZER_NONNULL = YES;
				CLANG_ANALYZER_NUMBER_OBJECT_CONVERSION = YES_AGGRESSIVE;
				CLANG_CXX_LANGUAGE_STANDARD = "gnu++0x";
				CLANG_CXX_LIBRARY = "libc++";
				CLANG_ENABLE_MODULES = YES;
				CLANG_ENABLE_OBJC_ARC = YES;
				CLANG_WARN_BOOL_CONVERSION = YES;
				CLANG_WARN_CONSTANT_CONVERSION = YES;
				CLANG_WARN_DIRECT_OBJC_ISA_USAGE = YES_ERROR;
				CLANG_WARN_DOCUMENTATION_COMMENTS = YES;
				CLANG_WARN_EMPTY_BODY = YES;
				CLANG_WARN_ENUM_CONVERSION = YES;
				CLANG_WARN_INFINITE_RECURSION = YES;
				CLANG_WARN_INT_CONVERSION = YES;
				CLANG_WARN_OBJC_ROOT_CLASS = YES_ERROR;
				CLANG_WARN_SUSPICIOUS_MOVE = YES;
				CLANG_WARN_UNREACHABLE_CODE = YES;
				CLANG_WARN__DUPLICATE_METHOD_MATCH = YES;
				"CODE_SIGN_IDENTITY[sdk=iphoneos*]" = "iPhone Developer";
				COPY_PHASE_STRIP = NO;
				DEBUG_INFORMATION_FORMAT = "dwarf-with-dsym";
				ENABLE_NS_ASSERTIONS = NO;
				ENABLE_STRICT_OBJC_MSGSEND = YES;
				GCC_C_LANGUAGE_STANDARD = gnu99;
				GCC_NO_COMMON_BLOCKS = YES;
				GCC_WARN_64_TO_32_BIT_CONVERSION = YES;
				GCC_WARN_ABOUT_RETURN_TYPE = YES_ERROR;
				GCC_WARN_UNDECLARED_SELECTOR = YES;
				GCC_WARN_UNINITIALIZED_AUTOS = YES_AGGRESSIVE;
				GCC_WARN_UNUSED_FUNCTION = YES;
				GCC_WARN_UNUSED_VARIABLE = YES;
				IPHONEOS_DEPLOYMENT_TARGET = 10.3;
				MTL_ENABLE_DEBUG_INFO = NO;
				SDKROOT = iphoneos;
				SWIFT_OPTIMIZATION_LEVEL = "-Owholemodule";
				TARGETED_DEVICE_FAMILY = "1,2";
				VALIDATE_PRODUCT = YES;
			};
			name = Release;
		};
		1883005E1ECCD6A90054D4B8 /* Debug */ = {
			isa = XCBuildConfiguration;
			baseConfigurationReference = 8D7F14458551510AEF1DA116 /* Pods-catchTheBus.debug.xcconfig */;
			buildSettings = {
				ALWAYS_EMBED_SWIFT_STANDARD_LIBRARIES = YES;
				ASSETCATALOG_COMPILER_APPICON_NAME = AppIcon;
				INFOPLIST_FILE = catchTheBus/Info.plist;
				LD_RUNPATH_SEARCH_PATHS = "$(inherited) @executable_path/Frameworks";
				PRODUCT_BUNDLE_IDENTIFIER = com.tmcf.catchTheBus;
				PRODUCT_NAME = "$(TARGET_NAME)";
				SWIFT_VERSION = 3.0;
			};
			name = Debug;
		};
		1883005F1ECCD6A90054D4B8 /* Release */ = {
			isa = XCBuildConfiguration;
			baseConfigurationReference = 1C9F6B8FF1B851FD2508FD2B /* Pods-catchTheBus.release.xcconfig */;
			buildSettings = {
				ALWAYS_EMBED_SWIFT_STANDARD_LIBRARIES = YES;
				ASSETCATALOG_COMPILER_APPICON_NAME = AppIcon;
				INFOPLIST_FILE = catchTheBus/Info.plist;
				LD_RUNPATH_SEARCH_PATHS = "$(inherited) @executable_path/Frameworks";
				PRODUCT_BUNDLE_IDENTIFIER = com.tmcf.catchTheBus;
				PRODUCT_NAME = "$(TARGET_NAME)";
				SWIFT_VERSION = 3.0;
			};
			name = Release;
		};
		188300611ECCD6A90054D4B8 /* Debug */ = {
			isa = XCBuildConfiguration;
			baseConfigurationReference = B1B53677EB4B801EF5876820 /* Pods-catchTheBusTests.debug.xcconfig */;
			buildSettings = {
				ALWAYS_EMBED_SWIFT_STANDARD_LIBRARIES = YES;
				BUNDLE_LOADER = "$(TEST_HOST)";
				INFOPLIST_FILE = catchTheBusTests/Info.plist;
				LD_RUNPATH_SEARCH_PATHS = "$(inherited) @executable_path/Frameworks @loader_path/Frameworks";
				PRODUCT_BUNDLE_IDENTIFIER = com.tmcf.catchTheBusTests;
				PRODUCT_NAME = "$(TARGET_NAME)";
				SWIFT_VERSION = 3.0;
				TEST_HOST = "$(BUILT_PRODUCTS_DIR)/catchTheBus.app/catchTheBus";
			};
			name = Debug;
		};
		188300621ECCD6A90054D4B8 /* Release */ = {
			isa = XCBuildConfiguration;
			baseConfigurationReference = 8D1E800E388619E937723388 /* Pods-catchTheBusTests.release.xcconfig */;
			buildSettings = {
				ALWAYS_EMBED_SWIFT_STANDARD_LIBRARIES = YES;
				BUNDLE_LOADER = "$(TEST_HOST)";
				INFOPLIST_FILE = catchTheBusTests/Info.plist;
				LD_RUNPATH_SEARCH_PATHS = "$(inherited) @executable_path/Frameworks @loader_path/Frameworks";
				PRODUCT_BUNDLE_IDENTIFIER = com.tmcf.catchTheBusTests;
				PRODUCT_NAME = "$(TARGET_NAME)";
				SWIFT_VERSION = 3.0;
				TEST_HOST = "$(BUILT_PRODUCTS_DIR)/catchTheBus.app/catchTheBus";
			};
			name = Release;
		};
		188300641ECCD6A90054D4B8 /* Debug */ = {
			isa = XCBuildConfiguration;
			baseConfigurationReference = 93ECBB3939284D4112B25DC6 /* Pods-catchTheBusUITests.debug.xcconfig */;
			buildSettings = {
				ALWAYS_EMBED_SWIFT_STANDARD_LIBRARIES = YES;
				INFOPLIST_FILE = catchTheBusUITests/Info.plist;
				LD_RUNPATH_SEARCH_PATHS = "$(inherited) @executable_path/Frameworks @loader_path/Frameworks";
				PRODUCT_BUNDLE_IDENTIFIER = com.tmcf.catchTheBusUITests;
				PRODUCT_NAME = "$(TARGET_NAME)";
				SWIFT_VERSION = 3.0;
				TEST_TARGET_NAME = catchTheBus;
			};
			name = Debug;
		};
		188300651ECCD6A90054D4B8 /* Release */ = {
			isa = XCBuildConfiguration;
			baseConfigurationReference = 24EAF7FFB3064AE68BC7E62B /* Pods-catchTheBusUITests.release.xcconfig */;
			buildSettings = {
				ALWAYS_EMBED_SWIFT_STANDARD_LIBRARIES = YES;
				INFOPLIST_FILE = catchTheBusUITests/Info.plist;
				LD_RUNPATH_SEARCH_PATHS = "$(inherited) @executable_path/Frameworks @loader_path/Frameworks";
				PRODUCT_BUNDLE_IDENTIFIER = com.tmcf.catchTheBusUITests;
				PRODUCT_NAME = "$(TARGET_NAME)";
				SWIFT_VERSION = 3.0;
				TEST_TARGET_NAME = catchTheBus;
			};
			name = Release;
		};
/* End XCBuildConfiguration section */

/* Begin XCConfigurationList section */
		1883002D1ECCD6A80054D4B8 /* Build configuration list for PBXProject "catchTheBus" */ = {
			isa = XCConfigurationList;
			buildConfigurations = (
				1883005B1ECCD6A90054D4B8 /* Debug */,
				1883005C1ECCD6A90054D4B8 /* Release */,
			);
			defaultConfigurationIsVisible = 0;
			defaultConfigurationName = Release;
		};
		1883005D1ECCD6A90054D4B8 /* Build configuration list for PBXNativeTarget "catchTheBus" */ = {
			isa = XCConfigurationList;
			buildConfigurations = (
				1883005E1ECCD6A90054D4B8 /* Debug */,
				1883005F1ECCD6A90054D4B8 /* Release */,
			);
			defaultConfigurationIsVisible = 0;
			defaultConfigurationName = Release;
		};
		188300601ECCD6A90054D4B8 /* Build configuration list for PBXNativeTarget "catchTheBusTests" */ = {
			isa = XCConfigurationList;
			buildConfigurations = (
				188300611ECCD6A90054D4B8 /* Debug */,
				188300621ECCD6A90054D4B8 /* Release */,
			);
			defaultConfigurationIsVisible = 0;
			defaultConfigurationName = Release;
		};
		188300631ECCD6A90054D4B8 /* Build configuration list for PBXNativeTarget "catchTheBusUITests" */ = {
			isa = XCConfigurationList;
			buildConfigurations = (
				188300641ECCD6A90054D4B8 /* Debug */,
				188300651ECCD6A90054D4B8 /* Release */,
			);
			defaultConfigurationIsVisible = 0;
			defaultConfigurationName = Release;
		};
/* End XCConfigurationList section */

/* Begin XCVersionGroup section */
		1883003C1ECCD6A80054D4B8 /* catchTheBus.xcdatamodeld */ = {
			isa = XCVersionGroup;
			children = (
				1883003D1ECCD6A80054D4B8 /* catchTheBus.xcdatamodel */,
			);
			currentVersion = 1883003D1ECCD6A80054D4B8 /* catchTheBus.xcdatamodel */;
			path = catchTheBus.xcdatamodeld;
			sourceTree = "<group>";
			versionGroupType = wrapper.xcdatamodel;
		};
/* End XCVersionGroup section */
	};
	rootObject = 1883002A1ECCD6A80054D4B8 /* Project object */;
}
